{
  "version": 4,
  "terraform_version": "1.1.9",
  "serial": 53,
  "lineage": "13a0700d-ae24-def3-ed6a-c09ea7c4d315",
  "outputs": {},
  "resources": [
    {
      "mode": "data",
      "type": "azurerm_client_config",
      "name": "current",
      "provider": "provider[\"registry.terraform.io/hashicorp/azurerm\"]",
      "instances": [
        {
          "schema_version": 0,
          "attributes": {
            "client_id": "04b07795-8ddb-461a-bbee-02f9e1bf7b46",
            "id": "2022-07-17 13:23:59.1350516 +0000 UTC",
            "object_id": "e887f13f-3966-4114-ae3f-b13ebe65bc97",
            "subscription_id": "3f728713-bdf1-4f7b-955a-22743da8120b",
            "tenant_id": "2b7f4f5b-c184-478c-8398-2228b450807c",
            "timeouts": null
          },
          "sensitive_attributes": []
        }
      ]
    },
    {
      "module": "module.acr",
      "mode": "managed",
      "type": "azurerm_container_registry",
      "name": "acr",
      "provider": "provider[\"registry.terraform.io/hashicorp/azurerm\"]",
      "instances": [
        {
          "schema_version": 2,
          "attributes": {
            "admin_enabled": false,
            "admin_password": "",
            "admin_username": "",
            "anonymous_pull_enabled": false,
            "data_endpoint_enabled": false,
            "encryption": [
              {
                "enabled": false,
                "identity_client_id": "",
                "key_vault_key_id": ""
              }
            ],
            "export_policy_enabled": true,
            "georeplications": [],
            "id": "/subscriptions/3f728713-bdf1-4f7b-955a-22743da8120b/resourceGroups/acr_ml_demo_rg/providers/Microsoft.ContainerRegistry/registries/azacr74603",
            "identity": [],
            "location": "eastus",
            "login_server": "azacr74603.azurecr.io",
            "name": "azacr74603",
            "network_rule_bypass_option": "AzureServices",
            "network_rule_set": [
              {
                "default_action": "Allow",
                "ip_rule": [],
                "virtual_network": []
              }
            ],
            "public_network_access_enabled": true,
            "quarantine_policy_enabled": false,
            "resource_group_name": "acr_ml_demo_rg",
            "retention_policy": [
              {
                "days": 7,
                "enabled": false
              }
            ],
            "sku": "Premium",
            "tags": {},
            "timeouts": null,
            "trust_policy": [
              {
                "enabled": false
              }
            ],
            "zone_redundancy_enabled": false
          },
          "sensitive_attributes": [],
          "private": "eyJlMmJmYjczMC1lY2FhLTExZTYtOGY4OC0zNDM2M2JjN2M0YzAiOnsiY3JlYXRlIjoxODAwMDAwMDAwMDAwLCJkZWxldGUiOjE4MDAwMDAwMDAwMDAsInJlYWQiOjMwMDAwMDAwMDAwMCwidXBkYXRlIjoxODAwMDAwMDAwMDAwfSwic2NoZW1hX3ZlcnNpb24iOiIyIn0=",
          "dependencies": [
            "module.acr.random_integer.ri"
          ]
        }
      ]
    },
    {
      "module": "module.acr",
      "mode": "managed",
      "type": "random_integer",
      "name": "ri",
      "provider": "provider[\"registry.terraform.io/hashicorp/random\"]",
      "instances": [
        {
          "schema_version": 0,
          "attributes": {
            "id": "74603",
            "keepers": null,
            "max": 99999,
            "min": 10000,
            "result": 74603,
            "seed": null
          },
          "sensitive_attributes": [],
          "private": "bnVsbA=="
        }
      ]
    },
    {
      "module": "module.kv",
      "mode": "data",
      "type": "azurerm_client_config",
      "name": "current",
      "provider": "provider[\"registry.terraform.io/hashicorp/azurerm\"]",
      "instances": [
        {
          "schema_version": 0,
          "attributes": {
            "client_id": "04b07795-8ddb-461a-bbee-02f9e1bf7b46",
            "id": "2022-07-17 13:23:59.135715 +0000 UTC",
            "object_id": "e887f13f-3966-4114-ae3f-b13ebe65bc97",
            "subscription_id": "3f728713-bdf1-4f7b-955a-22743da8120b",
            "tenant_id": "2b7f4f5b-c184-478c-8398-2228b450807c",
            "timeouts": null
          },
          "sensitive_attributes": []
        }
      ]
    },
    {
      "module": "module.kv",
      "mode": "managed",
      "type": "azurerm_key_vault",
      "name": "example",
      "provider": "provider[\"registry.terraform.io/hashicorp/azurerm\"]",
      "instances": [
        {
          "schema_version": 2,
          "attributes": {
            "access_policy": [
              {
                "application_id": "",
                "certificate_permissions": [],
                "key_permissions": [
                  "Get"
                ],
                "object_id": "e887f13f-3966-4114-ae3f-b13ebe65bc97",
                "secret_permissions": [
                  "Get"
                ],
                "storage_permissions": [
                  "Get"
                ],
                "tenant_id": "2b7f4f5b-c184-478c-8398-2228b450807c"
              }
            ],
            "contact": [],
            "enable_rbac_authorization": false,
            "enabled_for_deployment": false,
            "enabled_for_disk_encryption": true,
            "enabled_for_template_deployment": false,
            "id": "/subscriptions/3f728713-bdf1-4f7b-955a-22743da8120b/resourceGroups/acr_ml_demo_rg/providers/Microsoft.KeyVault/vaults/mykvault-demo-27july",
            "location": "eastus",
            "name": "mykvault-demo-27july",
            "network_acls": [
              {
                "bypass": "AzureServices",
                "default_action": "Allow",
                "ip_rules": [],
                "virtual_network_subnet_ids": []
              }
            ],
            "purge_protection_enabled": false,
            "resource_group_name": "acr_ml_demo_rg",
            "sku_name": "standard",
            "soft_delete_retention_days": 7,
            "tags": {},
            "tenant_id": "2b7f4f5b-c184-478c-8398-2228b450807c",
            "timeouts": null,
            "vault_uri": "https://mykvault-demo-27july.vault.azure.net/"
          },
          "sensitive_attributes": [],
          "private": "eyJlMmJmYjczMC1lY2FhLTExZTYtOGY4OC0zNDM2M2JjN2M0YzAiOnsiY3JlYXRlIjoxODAwMDAwMDAwMDAwLCJkZWxldGUiOjE4MDAwMDAwMDAwMDAsInJlYWQiOjMwMDAwMDAwMDAwMCwidXBkYXRlIjoxODAwMDAwMDAwMDAwfSwic2NoZW1hX3ZlcnNpb24iOiIyIn0=",
          "dependencies": [
            "module.kv.data.azurerm_client_config.current"
          ]
        }
      ]
    },
    {
      "module": "module.ml",
      "mode": "managed",
      "type": "azapi_update_resource",
      "name": "attach_acr_to_ml_ws",
      "provider": "provider[\"registry.terraform.io/azure/azapi\"]",
      "instances": [
        {
          "schema_version": 0,
          "attributes": {
            "body": "{\"properties\":{\"containerRegistry\":\"/subscriptions/3f728713-bdf1-4f7b-955a-22743da8120b/resourceGroups/acr_ml_demo_rg/providers/Microsoft.ContainerRegistry/registries/azacr74603\"}}",
            "id": "/subscriptions/3f728713-bdf1-4f7b-955a-22743da8120b/resourceGroups/acr_ml_demo_rg/providers/Microsoft.MachineLearningServices/workspaces/azml-demo-ws-azdemo",
            "ignore_casing": false,
            "ignore_missing_property": false,
            "locks": null,
            "name": "azml-demo-ws-azdemo",
            "output": "{}",
            "parent_id": "/subscriptions/3f728713-bdf1-4f7b-955a-22743da8120b/resourceGroups/acr_ml_demo_rg",
            "resource_id": "/subscriptions/3f728713-bdf1-4f7b-955a-22743da8120b/resourceGroups/acr_ml_demo_rg/providers/Microsoft.MachineLearningServices/workspaces/azml-demo-ws-azdemo",
            "response_export_values": null,
            "timeouts": null,
            "type": "Microsoft.MachineLearningServices/workspaces@2022-05-01"
          },
          "sensitive_attributes": [],
          "private": "eyJlMmJmYjczMC1lY2FhLTExZTYtOGY4OC0zNDM2M2JjN2M0YzAiOnsiY3JlYXRlIjoxODAwMDAwMDAwMDAwLCJkZWxldGUiOjE4MDAwMDAwMDAwMDAsInJlYWQiOjMwMDAwMDAwMDAwMCwidXBkYXRlIjoxODAwMDAwMDAwMDAwfX0=",
          "dependencies": [
            "module.acr.azurerm_container_registry.acr",
            "module.acr.random_integer.ri",
            "module.kv.azurerm_key_vault.example",
            "module.kv.data.azurerm_client_config.current",
            "module.ml.azurerm_application_insights.stg_app_insight",
            "module.ml.azurerm_machine_learning_workspace.ml_workspace",
            "module.ml.azurerm_storage_account.example"
          ]
        }
      ]
    },
    {
      "module": "module.ml",
      "mode": "managed",
      "type": "azurerm_advanced_threat_protection",
      "name": "ana_stg_account_thred_protection",
      "provider": "provider[\"registry.terraform.io/hashicorp/azurerm\"]",
      "instances": [
        {
          "schema_version": 1,
          "attributes": {
            "enabled": true,
            "id": "/subscriptions/3f728713-bdf1-4f7b-955a-22743da8120b/resourceGroups/acr_ml_demo_rg/providers/Microsoft.Storage/storageAccounts/mystg15072022azdemo/providers/Microsoft.Security/advancedThreatProtectionSettings/current",
            "target_resource_id": "/subscriptions/3f728713-bdf1-4f7b-955a-22743da8120b/resourceGroups/acr_ml_demo_rg/providers/Microsoft.Storage/storageAccounts/mystg15072022azdemo",
            "timeouts": null
          },
          "sensitive_attributes": [],
          "private": "eyJlMmJmYjczMC1lY2FhLTExZTYtOGY4OC0zNDM2M2JjN2M0YzAiOnsiY3JlYXRlIjoxODAwMDAwMDAwMDAwLCJkZWxldGUiOjE4MDAwMDAwMDAwMDAsInJlYWQiOjMwMDAwMDAwMDAwMCwidXBkYXRlIjoxODAwMDAwMDAwMDAwfSwic2NoZW1hX3ZlcnNpb24iOiIxIn0=",
          "dependencies": [
            "module.ml.azurerm_storage_account.example"
          ]
        }
      ]
    },
    {
      "module": "module.ml",
      "mode": "managed",
      "type": "azurerm_application_insights",
      "name": "stg_app_insight",
      "provider": "provider[\"registry.terraform.io/hashicorp/azurerm\"]",
      "instances": [
        {
          "schema_version": 1,
          "attributes": {
            "app_id": "d30b6354-0ff1-480c-8b33-51847448516e",
            "application_type": "web",
            "connection_string": "InstrumentationKey=72ee85fa-fa20-4249-91bd-47a369bc8771;IngestionEndpoint=https://eastus-0.in.applicationinsights.azure.com/;LiveEndpoint=https://eastus.livediagnostics.monitor.azure.com/",
            "daily_data_cap_in_gb": 100,
            "daily_data_cap_notifications_disabled": false,
            "disable_ip_masking": false,
            "force_customer_storage_for_profiler": false,
            "id": "/subscriptions/3f728713-bdf1-4f7b-955a-22743da8120b/resourceGroups/acr_ml_demo_rg/providers/Microsoft.Insights/components/azdemoapp-azdemo",
            "instrumentation_key": "72ee85fa-fa20-4249-91bd-47a369bc8771",
            "internet_ingestion_enabled": true,
            "internet_query_enabled": true,
            "local_authentication_disabled": false,
            "location": "eastus",
            "name": "azdemoapp-azdemo",
            "resource_group_name": "acr_ml_demo_rg",
            "retention_in_days": 90,
            "sampling_percentage": 100,
            "tags": {},
            "timeouts": null,
            "workspace_id": null
          },
          "sensitive_attributes": [],
          "private": "eyJlMmJmYjczMC1lY2FhLTExZTYtOGY4OC0zNDM2M2JjN2M0YzAiOnsiY3JlYXRlIjozNjAwMDAwMDAwMDAwLCJkZWxldGUiOjE4MDAwMDAwMDAwMDAsInJlYWQiOjMwMDAwMDAwMDAwMCwidXBkYXRlIjoxODAwMDAwMDAwMDAwfSwic2NoZW1hX3ZlcnNpb24iOiIxIn0="
        }
      ]
    },
    {
      "module": "module.ml",
      "mode": "managed",
      "type": "azurerm_machine_learning_workspace",
      "name": "ml_workspace",
      "provider": "provider[\"registry.terraform.io/hashicorp/azurerm\"]",
      "instances": [
        {
          "schema_version": 0,
          "attributes": {
            "application_insights_id": "/subscriptions/3f728713-bdf1-4f7b-955a-22743da8120b/resourceGroups/acr_ml_demo_rg/providers/Microsoft.insights/components/azdemoapp-azdemo",
            "container_registry_id": "/subscriptions/3f728713-bdf1-4f7b-955a-22743da8120b/resourceGroups/acr_ml_demo_rg/providers/Microsoft.ContainerRegistry/registries/azacr74603",
            "description": "",
            "discovery_url": "https://eastus.api.azureml.ms/discovery",
            "encryption": [],
            "friendly_name": "",
            "high_business_impact": false,
            "id": "/subscriptions/3f728713-bdf1-4f7b-955a-22743da8120b/resourceGroups/acr_ml_demo_rg/providers/Microsoft.MachineLearningServices/workspaces/azml-demo-ws-azdemo",
            "identity": [
              {
                "identity_ids": [],
                "principal_id": "8f45162e-3b3c-4219-a790-eb6339389c44",
                "tenant_id": "2b7f4f5b-c184-478c-8398-2228b450807c",
                "type": "SystemAssigned"
              }
            ],
            "image_build_compute_name": "",
            "key_vault_id": "/subscriptions/3f728713-bdf1-4f7b-955a-22743da8120b/resourceGroups/acr_ml_demo_rg/providers/Microsoft.Keyvault/vaults/mykvault-demo-27july",
            "location": "eastus",
            "name": "azml-demo-ws-azdemo",
            "primary_user_assigned_identity": "",
            "public_network_access_enabled": false,
            "resource_group_name": "acr_ml_demo_rg",
            "sku_name": "Basic",
            "storage_account_id": "/subscriptions/3f728713-bdf1-4f7b-955a-22743da8120b/resourceGroups/acr_ml_demo_rg/providers/Microsoft.Storage/storageAccounts/mystg15072022azdemo",
            "tags": {},
            "timeouts": null
          },
          "sensitive_attributes": [],
          "private": "eyJlMmJmYjczMC1lY2FhLTExZTYtOGY4OC0zNDM2M2JjN2M0YzAiOnsiY3JlYXRlIjoxODAwMDAwMDAwMDAwLCJkZWxldGUiOjE4MDAwMDAwMDAwMDAsInJlYWQiOjMwMDAwMDAwMDAwMCwidXBkYXRlIjoxODAwMDAwMDAwMDAwfX0=",
          "dependencies": [
            "module.kv.azurerm_key_vault.example",
            "module.kv.data.azurerm_client_config.current",
            "module.ml.azurerm_application_insights.stg_app_insight",
            "module.ml.azurerm_storage_account.example"
          ]
        }
      ]
    },
    {
      "module": "module.ml",
      "mode": "managed",
      "type": "azurerm_storage_account",
      "name": "example",
      "provider": "provider[\"registry.terraform.io/hashicorp/azurerm\"]",
      "instances": [
        {
          "schema_version": 3,
          "attributes": {
            "access_tier": "Hot",
            "account_kind": "StorageV2",
            "account_replication_type": "GRS",
            "account_tier": "Standard",
            "allow_nested_items_to_be_public": true,
            "azure_files_authentication": [],
            "blob_properties": [
              {
                "change_feed_enabled": false,
                "container_delete_retention_policy": [],
                "cors_rule": [
                  {
                    "allowed_headers": [
                      "*"
                    ],
                    "allowed_methods": [
                      "GET",
                      "HEAD"
                    ],
                    "allowed_origins": [
                      "https://mlworkspace.azure.ai",
                      "https://ml.azure.com",
                      "https://*.ml.azure.com"
                    ],
                    "exposed_headers": [
                      "*"
                    ],
                    "max_age_in_seconds": 1800
                  }
                ],
                "default_service_version": "",
                "delete_retention_policy": [],
                "last_access_time_enabled": false,
                "versioning_enabled": false
              }
            ],
            "custom_domain": [],
            "customer_managed_key": [],
            "edge_zone": "",
            "enable_https_traffic_only": true,
            "id": "/subscriptions/3f728713-bdf1-4f7b-955a-22743da8120b/resourceGroups/acr_ml_demo_rg/providers/Microsoft.Storage/storageAccounts/mystg15072022azdemo",
            "identity": [
              {
                "identity_ids": [],
                "principal_id": "e3b2212a-288e-4144-a5da-f7a4b0b0b3a5",
                "tenant_id": "2b7f4f5b-c184-478c-8398-2228b450807c",
                "type": "SystemAssigned"
              }
            ],
            "infrastructure_encryption_enabled": false,
            "is_hns_enabled": false,
            "large_file_share_enabled": null,
            "location": "eastus",
            "min_tls_version": "TLS1_2",
            "name": "mystg15072022azdemo",
            "network_rules": [
              {
                "bypass": [
                  "AzureServices"
                ],
                "default_action": "Allow",
                "ip_rules": [],
                "private_link_access": [],
                "virtual_network_subnet_ids": []
              }
            ],
            "nfsv3_enabled": false,
            "primary_access_key": "Pn2NLSH+sJ3OdvSFlVDzZWYyXfFRBe8eRx7L24Qu9tKqv8DSOH0zhbmkGMrMnUfJDM6DuHa8d9G4+ASt3HE2Fw==",
            "primary_blob_connection_string": "DefaultEndpointsProtocol=https;BlobEndpoint=https://mystg15072022azdemo.blob.core.windows.net/;AccountName=mystg15072022azdemo;AccountKey=Pn2NLSH+sJ3OdvSFlVDzZWYyXfFRBe8eRx7L24Qu9tKqv8DSOH0zhbmkGMrMnUfJDM6DuHa8d9G4+ASt3HE2Fw==",
            "primary_blob_endpoint": "https://mystg15072022azdemo.blob.core.windows.net/",
            "primary_blob_host": "mystg15072022azdemo.blob.core.windows.net",
            "primary_connection_string": "DefaultEndpointsProtocol=https;AccountName=mystg15072022azdemo;AccountKey=Pn2NLSH+sJ3OdvSFlVDzZWYyXfFRBe8eRx7L24Qu9tKqv8DSOH0zhbmkGMrMnUfJDM6DuHa8d9G4+ASt3HE2Fw==;EndpointSuffix=core.windows.net",
            "primary_dfs_endpoint": "https://mystg15072022azdemo.dfs.core.windows.net/",
            "primary_dfs_host": "mystg15072022azdemo.dfs.core.windows.net",
            "primary_file_endpoint": "https://mystg15072022azdemo.file.core.windows.net/",
            "primary_file_host": "mystg15072022azdemo.file.core.windows.net",
            "primary_location": "eastus",
            "primary_queue_endpoint": "https://mystg15072022azdemo.queue.core.windows.net/",
            "primary_queue_host": "mystg15072022azdemo.queue.core.windows.net",
            "primary_table_endpoint": "https://mystg15072022azdemo.table.core.windows.net/",
            "primary_table_host": "mystg15072022azdemo.table.core.windows.net",
            "primary_web_endpoint": "https://mystg15072022azdemo.z13.web.core.windows.net/",
            "primary_web_host": "mystg15072022azdemo.z13.web.core.windows.net",
            "queue_encryption_key_type": "Service",
            "queue_properties": [
              {
                "cors_rule": [],
                "hour_metrics": [
                  {
                    "enabled": true,
                    "include_apis": true,
                    "retention_policy_days": 7,
                    "version": "1.0"
                  }
                ],
                "logging": [
                  {
                    "delete": false,
                    "read": false,
                    "retention_policy_days": 0,
                    "version": "1.0",
                    "write": false
                  }
                ],
                "minute_metrics": [
                  {
                    "enabled": false,
                    "include_apis": false,
                    "retention_policy_days": 0,
                    "version": "1.0"
                  }
                ]
              }
            ],
            "resource_group_name": "acr_ml_demo_rg",
            "routing": [],
            "secondary_access_key": "cTI63E+Xy4wWoV35emKvluxAfhyC23wfFX+tR7g4YVP1C3u2sKR1PMvxzEVPxxmej3K3cgEwpBqF+AStuzFm6A==",
            "secondary_blob_connection_string": "",
            "secondary_blob_endpoint": null,
            "secondary_blob_host": null,
            "secondary_connection_string": "DefaultEndpointsProtocol=https;AccountName=mystg15072022azdemo;AccountKey=cTI63E+Xy4wWoV35emKvluxAfhyC23wfFX+tR7g4YVP1C3u2sKR1PMvxzEVPxxmej3K3cgEwpBqF+AStuzFm6A==;EndpointSuffix=core.windows.net",
            "secondary_dfs_endpoint": null,
            "secondary_dfs_host": null,
            "secondary_file_endpoint": null,
            "secondary_file_host": null,
            "secondary_location": "westus",
            "secondary_queue_endpoint": null,
            "secondary_queue_host": null,
            "secondary_table_endpoint": null,
            "secondary_table_host": null,
            "secondary_web_endpoint": null,
            "secondary_web_host": null,
            "share_properties": [
              {
                "cors_rule": [],
                "retention_policy": [
                  {
                    "days": 7
                  }
                ],
                "smb": []
              }
            ],
            "shared_access_key_enabled": true,
            "static_website": [],
            "table_encryption_key_type": "Service",
            "tags": {
              "environment": "staging"
            },
            "timeouts": null
          },
          "sensitive_attributes": [],
          "private": "eyJlMmJmYjczMC1lY2FhLTExZTYtOGY4OC0zNDM2M2JjN2M0YzAiOnsiY3JlYXRlIjozNjAwMDAwMDAwMDAwLCJkZWxldGUiOjM2MDAwMDAwMDAwMDAsInJlYWQiOjMwMDAwMDAwMDAwMCwidXBkYXRlIjozNjAwMDAwMDAwMDAwfSwic2NoZW1hX3ZlcnNpb24iOiIzIn0="
        }
      ]
    }
  ]
}
